
Microsoft Visual Studio Solution File, Format Version 12.00
# Visual Studio Version 17
VisualStudioVersion = 17.7.34024.191
MinimumVisualStudioVersion = 10.0.40219.1
Project("{8BC9CEB8-8B4A-11D0-8D11-00A0C91BC942}") = "21Statics", "21Statics\21Statics.vcxproj", "{6F982C43-A642-4BFC-9FFA-0DF2E8BA8879}"
EndProject
Global
	GlobalSection(SolutionConfigurationPlatforms) = preSolution
		Debug|x64 = Debug|x64
		Debug|x86 = Debug|x86
		Release|x64 = Release|x64
		Release|x86 = Release|x86
	EndGlobalSection
	GlobalSection(ProjectConfigurationPlatforms) = postSolution
		{6F982C43-A642-4BFC-9FFA-0DF2E8BA8879}.Debug|x64.ActiveCfg = Debug|x64
		{6F982C43-A642-4BFC-9FFA-0DF2E8BA8879}.Debug|x64.Build.0 = Debug|x64
		{6F982C43-A642-4BFC-9FFA-0DF2E8BA8879}.Debug|x86.ActiveCfg = Debug|Win32
		{6F982C43-A642-4BFC-9FFA-0DF2E8BA8879}.Debug|x86.Build.0 = Debug|Win32
		{6F982C43-A642-4BFC-9FFA-0DF2E8BA8879}.Release|x64.ActiveCfg = Release|x64
		{6F982C43-A642-4BFC-9FFA-0DF2E8BA8879}.Release|x64.Build.0 = Release|x64
		{6F982C43-A642-4BFC-9FFA-0DF2E8BA8879}.Release|x86.ActiveCfg = Release|Win32
		{6F982C43-A642-4BFC-9FFA-0DF2E8BA8879}.Release|x86.Build.0 = Release|Win32
	EndGlobalSection
	GlobalSection(SolutionProperties) = preSolution
		HideSolutionNode = FALSE
	EndGlobalSection
	GlobalSection(ExtensibilityGlobals) = postSolution
		SolutionGuid = {7E4069A1-C367-4D89-A554-5A734DEF408C}
	EndGlobalSection
EndGlobal
